
Microsoft Visual Studio Solution File, Format Version 12.00
# Visual Studio 2012
Project("{FAE04EC0-301F-11D3-BF4B-00C04F79EFBC}") = "RedisSessionStateProvider", "RedisSessionStateProvider.csproj", "{633F2584-6387-432B-B852-7E9317551433}"
EndProject
Global
	GlobalSection(SolutionConfigurationPlatforms) = preSolution
		Debug|Any CPU = Debug|Any CPU
		Release|Any CPU = Release|Any CPU
	EndGlobalSection
	GlobalSection(ProjectConfigurationPlatforms) = postSolution
		{633F2584-6387-432B-B852-7E9317551433}.Debug|Any CPU.ActiveCfg = Debug|Any CPU
		{633F2584-6387-432B-B852-7E9317551433}.Debug|Any CPU.Build.0 = Debug|Any CPU
		{633F2584-6387-432B-B852-7E9317551433}.Release|Any CPU.ActiveCfg = Release|Any CPU
		{633F2584-6387-432B-B852-7E9317551433}.Release|Any CPU.Build.0 = Release|Any CPU
	EndGlobalSection
	GlobalSection(SolutionProperties) = preSolution
		HideSolutionNode = FALSE
	EndGlobalSection
EndGlobal
